
Microsoft Visual Studio Solution File, Format Version 12.00
# Visual Studio Version 17
VisualStudioVersion = 17.10.35122.118
MinimumVisualStudioVersion = 10.0.40219.1
Project("{FAE04EC0-301F-11D3-BF4B-00C04F79EFBC}") = "TestTCCtech.Server", "TestTCCtech.Server\TestTCCtech.Server.csproj", "{BC31C2A9-AFFC-403B-88CF-75016E43101E}"
EndProject
Project("{54A90642-561A-4BB1-A94E-469ADEE60C69}") = "testtcctech.client", "testtcctech.client\testtcctech.client.esproj", "{0C2FA574-3921-4D9C-A7A5-642C2EA4AEFD}"
EndProject
Global
	GlobalSection(SolutionConfigurationPlatforms) = preSolution
		Debug|Any CPU = Debug|Any CPU
		Release|Any CPU = Release|Any CPU
	EndGlobalSection
	GlobalSection(ProjectConfigurationPlatforms) = postSolution
		{BC31C2A9-AFFC-403B-88CF-75016E43101E}.Debug|Any CPU.ActiveCfg = Debug|Any CPU
		{BC31C2A9-AFFC-403B-88CF-75016E43101E}.Debug|Any CPU.Build.0 = Debug|Any CPU
		{BC31C2A9-AFFC-403B-88CF-75016E43101E}.Release|Any CPU.ActiveCfg = Release|Any CPU
		{BC31C2A9-AFFC-403B-88CF-75016E43101E}.Release|Any CPU.Build.0 = Release|Any CPU
		{0C2FA574-3921-4D9C-A7A5-642C2EA4AEFD}.Debug|Any CPU.ActiveCfg = Debug|Any CPU
		{0C2FA574-3921-4D9C-A7A5-642C2EA4AEFD}.Debug|Any CPU.Build.0 = Debug|Any CPU
		{0C2FA574-3921-4D9C-A7A5-642C2EA4AEFD}.Debug|Any CPU.Deploy.0 = Debug|Any CPU
		{0C2FA574-3921-4D9C-A7A5-642C2EA4AEFD}.Release|Any CPU.ActiveCfg = Release|Any CPU
		{0C2FA574-3921-4D9C-A7A5-642C2EA4AEFD}.Release|Any CPU.Build.0 = Release|Any CPU
		{0C2FA574-3921-4D9C-A7A5-642C2EA4AEFD}.Release|Any CPU.Deploy.0 = Release|Any CPU
	EndGlobalSection
	GlobalSection(SolutionProperties) = preSolution
		HideSolutionNode = FALSE
	EndGlobalSection
	GlobalSection(ExtensibilityGlobals) = postSolution
		SolutionGuid = {76DFBF6F-7E2C-4283-8509-A5F00756B6A1}
	EndGlobalSection
EndGlobal
